
Microsoft Visual Studio Solution File, Format Version 12.00
# Visual Studio Version 16
VisualStudioVersion = 16.0.30002.166
MinimumVisualStudioVersion = 10.0.40219.1
Project("{FAE04EC0-301F-11D3-BF4B-00C04F79EFBC}") = "ToDo.WebApi", "ToDo.WebApi\ToDo.WebApi.csproj", "{81B2DA06-C087-46E8-BAC7-4D7B2694760A}"
EndProject
Global
	GlobalSection(SolutionConfigurationPlatforms) = preSolution
		Debug|Any CPU = Debug|Any CPU
		Release|Any CPU = Release|Any CPU
	EndGlobalSection
	GlobalSection(ProjectConfigurationPlatforms) = postSolution
		{81B2DA06-C087-46E8-BAC7-4D7B2694760A}.Debug|Any CPU.ActiveCfg = Debug|Any CPU
		{81B2DA06-C087-46E8-BAC7-4D7B2694760A}.Debug|Any CPU.Build.0 = Debug|Any CPU
		{81B2DA06-C087-46E8-BAC7-4D7B2694760A}.Release|Any CPU.ActiveCfg = Release|Any CPU
		{81B2DA06-C087-46E8-BAC7-4D7B2694760A}.Release|Any CPU.Build.0 = Release|Any CPU
	EndGlobalSection
	GlobalSection(SolutionProperties) = preSolution
		HideSolutionNode = FALSE
	EndGlobalSection
	GlobalSection(ExtensibilityGlobals) = postSolution
		SolutionGuid = {60984BC9-01D1-4B40-9733-E459B1231F96}
	EndGlobalSection
	GlobalSection(NestedProjects) = preSolution
	EndGlobalSection
EndGlobal
