
Microsoft Visual Studio Solution File, Format Version 12.00
# Visual Studio Version 17
VisualStudioVersion = 17.6.33723.286
MinimumVisualStudioVersion = 10.0.40219.1
Project("{2150E333-8FDC-42A3-9474-1A3956D46DE8}") = "src", "src", "{F1C2A150-F045-49E3-B04A-28E49DAFCA74}"
EndProject
Project("{2150E333-8FDC-42A3-9474-1A3956D46DE8}") = "tests", "tests", "{AE374853-4D57-49A8-A80B-8D905FB916A1}"
EndProject
Project("{FAE04EC0-301F-11D3-BF4B-00C04F79EFBC}") = "Todo", "Todo\Todo.csproj", "{9FD16944-03B3-4470-848D-F9295C30BB5A}"
EndProject
Project("{FAE04EC0-301F-11D3-BF4B-00C04F79EFBC}") = "Todo.BLL", "Todo.BLL\Todo.BLL.csproj", "{E05D0E88-CC60-493C-B559-E8B8403AF0DC}"
EndProject
Project("{FAE04EC0-301F-11D3-BF4B-00C04F79EFBC}") = "Todo.DAL", "Todo.DAL\Todo.DAL.csproj", "{919C9C3A-C976-459F-939A-FA87759D4FE6}"
EndProject
Global
	GlobalSection(SolutionConfigurationPlatforms) = preSolution
		Debug|Any CPU = Debug|Any CPU
		Release|Any CPU = Release|Any CPU
	EndGlobalSection
	GlobalSection(ProjectConfigurationPlatforms) = postSolution
		{9FD16944-03B3-4470-848D-F9295C30BB5A}.Debug|Any CPU.ActiveCfg = Debug|Any CPU
		{9FD16944-03B3-4470-848D-F9295C30BB5A}.Debug|Any CPU.Build.0 = Debug|Any CPU
		{9FD16944-03B3-4470-848D-F9295C30BB5A}.Release|Any CPU.ActiveCfg = Release|Any CPU
		{9FD16944-03B3-4470-848D-F9295C30BB5A}.Release|Any CPU.Build.0 = Release|Any CPU
		{E05D0E88-CC60-493C-B559-E8B8403AF0DC}.Debug|Any CPU.ActiveCfg = Debug|Any CPU
		{E05D0E88-CC60-493C-B559-E8B8403AF0DC}.Debug|Any CPU.Build.0 = Debug|Any CPU
		{E05D0E88-CC60-493C-B559-E8B8403AF0DC}.Release|Any CPU.ActiveCfg = Release|Any CPU
		{E05D0E88-CC60-493C-B559-E8B8403AF0DC}.Release|Any CPU.Build.0 = Release|Any CPU
		{919C9C3A-C976-459F-939A-FA87759D4FE6}.Debug|Any CPU.ActiveCfg = Debug|Any CPU
		{919C9C3A-C976-459F-939A-FA87759D4FE6}.Debug|Any CPU.Build.0 = Debug|Any CPU
		{919C9C3A-C976-459F-939A-FA87759D4FE6}.Release|Any CPU.ActiveCfg = Release|Any CPU
		{919C9C3A-C976-459F-939A-FA87759D4FE6}.Release|Any CPU.Build.0 = Release|Any CPU
	EndGlobalSection
	GlobalSection(SolutionProperties) = preSolution
		HideSolutionNode = FALSE
	EndGlobalSection
	GlobalSection(NestedProjects) = preSolution
		{9FD16944-03B3-4470-848D-F9295C30BB5A} = {F1C2A150-F045-49E3-B04A-28E49DAFCA74}
		{E05D0E88-CC60-493C-B559-E8B8403AF0DC} = {F1C2A150-F045-49E3-B04A-28E49DAFCA74}
		{919C9C3A-C976-459F-939A-FA87759D4FE6} = {F1C2A150-F045-49E3-B04A-28E49DAFCA74}
	EndGlobalSection
	GlobalSection(ExtensibilityGlobals) = postSolution
		SolutionGuid = {60984BC9-01D1-4B40-9733-E459B1231F96}
	EndGlobalSection
EndGlobal
