
Microsoft Visual Studio Solution File, Format Version 12.00
# Visual Studio Version 16
VisualStudioVersion = 16.0.30002.166
MinimumVisualStudioVersion = 10.0.40219.1
Project("{FAE04EC0-301F-11D3-BF4B-00C04F79EFBC}") = "ToDo.WebApi", "ToDo.WebApi\ToDo.WebApi.csproj", "{81B2DA06-C087-46E8-BAC7-4D7B2694760A}"
EndProject
Project("{FAE04EC0-301F-11D3-BF4B-00C04F79EFBC}") = "ToDo.Domain", "ToDo.Domain\ToDo.Domain.csproj", "{D3A26220-6E95-4003-9453-2B077C326D53}"
EndProject
Project("{FAE04EC0-301F-11D3-BF4B-00C04F79EFBC}") = "ToDo.Application", "ToDo.Application\ToDo.Application.csproj", "{2CF85A1C-1F40-4871-B4C1-D5C890750218}"
EndProject
Project("{FAE04EC0-301F-11D3-BF4B-00C04F79EFBC}") = "ToDo.DAL", "ToDo.DAL\ToDo.DAL.csproj", "{028775AE-9DE5-4126-B7A6-207829F74B3B}"
EndProject
Project("{2150E333-8FDC-42A3-9474-1A3956D46DE8}") = "Core", "Core", "{44833908-045A-4A7E-9FBE-755AEBB2C950}"
EndProject
Project("{2150E333-8FDC-42A3-9474-1A3956D46DE8}") = "Infrastructure", "Infrastructure", "{3402D974-4F29-4111-A04A-6B1BCE43D642}"
EndProject
Project("{2150E333-8FDC-42A3-9474-1A3956D46DE8}") = "Presentation", "Presentation", "{65A0823A-BDC5-4472-B1B6-459A5FF90C91}"
EndProject
Project("{2150E333-8FDC-42A3-9474-1A3956D46DE8}") = "Tests", "Tests", "{C26F68C7-3986-4E11-A2DF-ED00F4FF30D6}"
EndProject
Global
	GlobalSection(SolutionConfigurationPlatforms) = preSolution
		Debug|Any CPU = Debug|Any CPU
		Release|Any CPU = Release|Any CPU
	EndGlobalSection
	GlobalSection(ProjectConfigurationPlatforms) = postSolution
		{81B2DA06-C087-46E8-BAC7-4D7B2694760A}.Debug|Any CPU.ActiveCfg = Debug|Any CPU
		{81B2DA06-C087-46E8-BAC7-4D7B2694760A}.Debug|Any CPU.Build.0 = Debug|Any CPU
		{81B2DA06-C087-46E8-BAC7-4D7B2694760A}.Release|Any CPU.ActiveCfg = Release|Any CPU
		{81B2DA06-C087-46E8-BAC7-4D7B2694760A}.Release|Any CPU.Build.0 = Release|Any CPU
		{D3A26220-6E95-4003-9453-2B077C326D53}.Debug|Any CPU.ActiveCfg = Debug|Any CPU
		{D3A26220-6E95-4003-9453-2B077C326D53}.Debug|Any CPU.Build.0 = Debug|Any CPU
		{D3A26220-6E95-4003-9453-2B077C326D53}.Release|Any CPU.ActiveCfg = Release|Any CPU
		{D3A26220-6E95-4003-9453-2B077C326D53}.Release|Any CPU.Build.0 = Release|Any CPU
		{2CF85A1C-1F40-4871-B4C1-D5C890750218}.Debug|Any CPU.ActiveCfg = Debug|Any CPU
		{2CF85A1C-1F40-4871-B4C1-D5C890750218}.Debug|Any CPU.Build.0 = Debug|Any CPU
		{2CF85A1C-1F40-4871-B4C1-D5C890750218}.Release|Any CPU.ActiveCfg = Release|Any CPU
		{2CF85A1C-1F40-4871-B4C1-D5C890750218}.Release|Any CPU.Build.0 = Release|Any CPU
		{028775AE-9DE5-4126-B7A6-207829F74B3B}.Debug|Any CPU.ActiveCfg = Debug|Any CPU
		{028775AE-9DE5-4126-B7A6-207829F74B3B}.Debug|Any CPU.Build.0 = Debug|Any CPU
		{028775AE-9DE5-4126-B7A6-207829F74B3B}.Release|Any CPU.ActiveCfg = Release|Any CPU
		{028775AE-9DE5-4126-B7A6-207829F74B3B}.Release|Any CPU.Build.0 = Release|Any CPU
	EndGlobalSection
	GlobalSection(SolutionProperties) = preSolution
		HideSolutionNode = FALSE
	EndGlobalSection
	GlobalSection(ExtensibilityGlobals) = postSolution
		SolutionGuid = {60984BC9-01D1-4B40-9733-E459B1231F96}
	EndGlobalSection
	GlobalSection(NestedProjects) = preSolution
		{2CF85A1C-1F40-4871-B4C1-D5C890750218} = {44833908-045A-4A7E-9FBE-755AEBB2C950}
		{D3A26220-6E95-4003-9453-2B077C326D53} = {44833908-045A-4A7E-9FBE-755AEBB2C950}
		{028775AE-9DE5-4126-B7A6-207829F74B3B} = {3402D974-4F29-4111-A04A-6B1BCE43D642}
		{81B2DA06-C087-46E8-BAC7-4D7B2694760A} = {65A0823A-BDC5-4472-B1B6-459A5FF90C91}
	EndGlobalSection
EndGlobal
