
Microsoft Visual Studio Solution File, Format Version 12.00
# Visual Studio Version 16
VisualStudioVersion = 16.0.30002.166
MinimumVisualStudioVersion = 10.0.40219.1
Project("{9A19103F-16F7-4668-BE54-9A1E7A4F7556}") = "TodoApiDTO", "TodoApiDTO.csproj", "{623124F9-F5BA-42DD-BC26-A1720774229C}"
EndProject
Project("{2150E333-8FDC-42A3-9474-1A3956D46DE8}") = "Source", "Source", "{11ADDDCE-1011-4214-9BE2-D099DE6E8594}"
EndProject
Project("{2150E333-8FDC-42A3-9474-1A3956D46DE8}") = "Core", "Core", "{75D9D866-9AB0-4F1C-AE2E-B3B9BFED1C94}"
EndProject
Project("{FAE04EC0-301F-11D3-BF4B-00C04F79EFBC}") = "Domain", "..\Domain\Domain.csproj", "{F8BC84B0-76B9-4B62-9115-152807F87EBD}"
EndProject
Project("{FAE04EC0-301F-11D3-BF4B-00C04F79EFBC}") = "Shared", "..\Shared\Shared.csproj", "{B40EF6A8-D59B-45BB-A900-F935A12371FA}"
EndProject
Project("{2150E333-8FDC-42A3-9474-1A3956D46DE8}") = "Infrastructure", "Infrastructure", "{65F3E956-1E6B-4868-A893-5937688897DF}"
EndProject
Project("{FAE04EC0-301F-11D3-BF4B-00C04F79EFBC}") = "Persistence", "..\Persistence\Persistence.csproj", "{D2009FF5-1BD0-4DFF-A97A-FFAF82F7D7F7}"
EndProject
Project("{2150E333-8FDC-42A3-9474-1A3956D46DE8}") = "Presentation", "Presentation", "{8B4CFB03-4229-474F-9842-319A1227CA7E}"
EndProject
Global
	GlobalSection(SolutionConfigurationPlatforms) = preSolution
		Debug|Any CPU = Debug|Any CPU
		Release|Any CPU = Release|Any CPU
	EndGlobalSection
	GlobalSection(ProjectConfigurationPlatforms) = postSolution
		{623124F9-F5BA-42DD-BC26-A1720774229C}.Debug|Any CPU.ActiveCfg = Debug|Any CPU
		{623124F9-F5BA-42DD-BC26-A1720774229C}.Debug|Any CPU.Build.0 = Debug|Any CPU
		{623124F9-F5BA-42DD-BC26-A1720774229C}.Release|Any CPU.ActiveCfg = Release|Any CPU
		{623124F9-F5BA-42DD-BC26-A1720774229C}.Release|Any CPU.Build.0 = Release|Any CPU
		{F8BC84B0-76B9-4B62-9115-152807F87EBD}.Debug|Any CPU.ActiveCfg = Debug|Any CPU
		{F8BC84B0-76B9-4B62-9115-152807F87EBD}.Debug|Any CPU.Build.0 = Debug|Any CPU
		{F8BC84B0-76B9-4B62-9115-152807F87EBD}.Release|Any CPU.ActiveCfg = Release|Any CPU
		{F8BC84B0-76B9-4B62-9115-152807F87EBD}.Release|Any CPU.Build.0 = Release|Any CPU
		{B40EF6A8-D59B-45BB-A900-F935A12371FA}.Debug|Any CPU.ActiveCfg = Debug|Any CPU
		{B40EF6A8-D59B-45BB-A900-F935A12371FA}.Debug|Any CPU.Build.0 = Debug|Any CPU
		{B40EF6A8-D59B-45BB-A900-F935A12371FA}.Release|Any CPU.ActiveCfg = Release|Any CPU
		{B40EF6A8-D59B-45BB-A900-F935A12371FA}.Release|Any CPU.Build.0 = Release|Any CPU
		{D2009FF5-1BD0-4DFF-A97A-FFAF82F7D7F7}.Debug|Any CPU.ActiveCfg = Debug|Any CPU
		{D2009FF5-1BD0-4DFF-A97A-FFAF82F7D7F7}.Debug|Any CPU.Build.0 = Debug|Any CPU
		{D2009FF5-1BD0-4DFF-A97A-FFAF82F7D7F7}.Release|Any CPU.ActiveCfg = Release|Any CPU
		{D2009FF5-1BD0-4DFF-A97A-FFAF82F7D7F7}.Release|Any CPU.Build.0 = Release|Any CPU
	EndGlobalSection
	GlobalSection(SolutionProperties) = preSolution
		HideSolutionNode = FALSE
	EndGlobalSection
	GlobalSection(NestedProjects) = preSolution
		{623124F9-F5BA-42DD-BC26-A1720774229C} = {8B4CFB03-4229-474F-9842-319A1227CA7E}
		{75D9D866-9AB0-4F1C-AE2E-B3B9BFED1C94} = {11ADDDCE-1011-4214-9BE2-D099DE6E8594}
		{F8BC84B0-76B9-4B62-9115-152807F87EBD} = {75D9D866-9AB0-4F1C-AE2E-B3B9BFED1C94}
		{B40EF6A8-D59B-45BB-A900-F935A12371FA} = {75D9D866-9AB0-4F1C-AE2E-B3B9BFED1C94}
		{65F3E956-1E6B-4868-A893-5937688897DF} = {11ADDDCE-1011-4214-9BE2-D099DE6E8594}
		{D2009FF5-1BD0-4DFF-A97A-FFAF82F7D7F7} = {65F3E956-1E6B-4868-A893-5937688897DF}
		{8B4CFB03-4229-474F-9842-319A1227CA7E} = {11ADDDCE-1011-4214-9BE2-D099DE6E8594}
	EndGlobalSection
	GlobalSection(ExtensibilityGlobals) = postSolution
		SolutionGuid = {60984BC9-01D1-4B40-9733-E459B1231F96}
	EndGlobalSection
EndGlobal
