
Microsoft Visual Studio Solution File, Format Version 12.00
# Visual Studio Version 17
VisualStudioVersion = 17.4.33110.190
MinimumVisualStudioVersion = 10.0.40219.1
Project("{9A19103F-16F7-4668-BE54-9A1E7A4F7556}") = "BLL", "BLL\BLL.csproj", "{EB360B04-F1A0-4067-BE3E-F232CB96BB2C}"
EndProject
Project("{9A19103F-16F7-4668-BE54-9A1E7A4F7556}") = "DAL", "DAL\DAL.csproj", "{3E92A059-4843-4DD8-91E9-59E903A267B9}"
EndProject
Project("{9A19103F-16F7-4668-BE54-9A1E7A4F7556}") = "FunctionalExtensions", "FunctionalExtensions\FunctionalExtensions.csproj", "{CA9599C0-5598-472D-8C81-F76F4B3944A6}"
EndProject
Project("{9A19103F-16F7-4668-BE54-9A1E7A4F7556}") = "TodoApi", "TodoApi\TodoApi.csproj", "{ED1461A9-6F94-410E-9F57-F5FE28037972}"
EndProject
Global
	GlobalSection(SolutionConfigurationPlatforms) = preSolution
		Debug|Any CPU = Debug|Any CPU
		Release|Any CPU = Release|Any CPU
	EndGlobalSection
	GlobalSection(ProjectConfigurationPlatforms) = postSolution
		{EB360B04-F1A0-4067-BE3E-F232CB96BB2C}.Debug|Any CPU.ActiveCfg = Debug|Any CPU
		{EB360B04-F1A0-4067-BE3E-F232CB96BB2C}.Debug|Any CPU.Build.0 = Debug|Any CPU
		{EB360B04-F1A0-4067-BE3E-F232CB96BB2C}.Release|Any CPU.ActiveCfg = Release|Any CPU
		{EB360B04-F1A0-4067-BE3E-F232CB96BB2C}.Release|Any CPU.Build.0 = Release|Any CPU
		{3E92A059-4843-4DD8-91E9-59E903A267B9}.Debug|Any CPU.ActiveCfg = Debug|Any CPU
		{3E92A059-4843-4DD8-91E9-59E903A267B9}.Debug|Any CPU.Build.0 = Debug|Any CPU
		{3E92A059-4843-4DD8-91E9-59E903A267B9}.Release|Any CPU.ActiveCfg = Release|Any CPU
		{3E92A059-4843-4DD8-91E9-59E903A267B9}.Release|Any CPU.Build.0 = Release|Any CPU
		{CA9599C0-5598-472D-8C81-F76F4B3944A6}.Debug|Any CPU.ActiveCfg = Debug|Any CPU
		{CA9599C0-5598-472D-8C81-F76F4B3944A6}.Debug|Any CPU.Build.0 = Debug|Any CPU
		{CA9599C0-5598-472D-8C81-F76F4B3944A6}.Release|Any CPU.ActiveCfg = Release|Any CPU
		{CA9599C0-5598-472D-8C81-F76F4B3944A6}.Release|Any CPU.Build.0 = Release|Any CPU
		{ED1461A9-6F94-410E-9F57-F5FE28037972}.Debug|Any CPU.ActiveCfg = Debug|Any CPU
		{ED1461A9-6F94-410E-9F57-F5FE28037972}.Debug|Any CPU.Build.0 = Debug|Any CPU
		{ED1461A9-6F94-410E-9F57-F5FE28037972}.Release|Any CPU.ActiveCfg = Release|Any CPU
		{ED1461A9-6F94-410E-9F57-F5FE28037972}.Release|Any CPU.Build.0 = Release|Any CPU
	EndGlobalSection
	GlobalSection(SolutionProperties) = preSolution
		HideSolutionNode = FALSE
	EndGlobalSection
	GlobalSection(ExtensibilityGlobals) = postSolution
		SolutionGuid = {60984BC9-01D1-4B40-9733-E459B1231F96}
	EndGlobalSection
EndGlobal
