
Microsoft Visual Studio Solution File, Format Version 12.00
# Visual Studio Version 16
VisualStudioVersion = 16.0.30002.166
MinimumVisualStudioVersion = 10.0.40219.1
Project("{9A19103F-16F7-4668-BE54-9A1E7A4F7556}") = "_TodoApiDTO", "_TodoApiDTO.csproj", "{623124F9-F5BA-42DD-BC26-A1720774229C}"
EndProject
Project("{9A19103F-16F7-4668-BE54-9A1E7A4F7556}") = "BusinessLayer", "..\BusinessLayer\BusinessLayer.csproj", "{F6315BC2-5FFC-4574-8A1F-63D33A3B4ACA}"
EndProject
Project("{9A19103F-16F7-4668-BE54-9A1E7A4F7556}") = "DataAccessLayer", "..\DataAccessLayer\DataAccessLayer.csproj", "{77ADC506-1703-4BB7-A826-41C2CEE75031}"
EndProject
Global
	GlobalSection(SolutionConfigurationPlatforms) = preSolution
		Debug|Any CPU = Debug|Any CPU
		Release|Any CPU = Release|Any CPU
	EndGlobalSection
	GlobalSection(ProjectConfigurationPlatforms) = postSolution
		{623124F9-F5BA-42DD-BC26-A1720774229C}.Debug|Any CPU.ActiveCfg = Debug|Any CPU
		{623124F9-F5BA-42DD-BC26-A1720774229C}.Debug|Any CPU.Build.0 = Debug|Any CPU
		{623124F9-F5BA-42DD-BC26-A1720774229C}.Release|Any CPU.ActiveCfg = Release|Any CPU
		{623124F9-F5BA-42DD-BC26-A1720774229C}.Release|Any CPU.Build.0 = Release|Any CPU
		{F6315BC2-5FFC-4574-8A1F-63D33A3B4ACA}.Debug|Any CPU.ActiveCfg = Debug|Any CPU
		{F6315BC2-5FFC-4574-8A1F-63D33A3B4ACA}.Debug|Any CPU.Build.0 = Debug|Any CPU
		{F6315BC2-5FFC-4574-8A1F-63D33A3B4ACA}.Release|Any CPU.ActiveCfg = Release|Any CPU
		{F6315BC2-5FFC-4574-8A1F-63D33A3B4ACA}.Release|Any CPU.Build.0 = Release|Any CPU
		{77ADC506-1703-4BB7-A826-41C2CEE75031}.Debug|Any CPU.ActiveCfg = Debug|Any CPU
		{77ADC506-1703-4BB7-A826-41C2CEE75031}.Debug|Any CPU.Build.0 = Debug|Any CPU
		{77ADC506-1703-4BB7-A826-41C2CEE75031}.Release|Any CPU.ActiveCfg = Release|Any CPU
		{77ADC506-1703-4BB7-A826-41C2CEE75031}.Release|Any CPU.Build.0 = Release|Any CPU
	EndGlobalSection
	GlobalSection(SolutionProperties) = preSolution
		HideSolutionNode = FALSE
	EndGlobalSection
	GlobalSection(ExtensibilityGlobals) = postSolution
		SolutionGuid = {60984BC9-01D1-4B40-9733-E459B1231F96}
	EndGlobalSection
EndGlobal
